// !$*UTF8*$!
{
	archiveVersion = 1;
	classes = {
	};
	objectVersion = 48;
	objects = {

/* Begin PBXBuildFile section */
		59AB84461F76E4B9005A7E3F /* AppDelegate.swift in Sources */ = {isa = PBXBuildFile; fileRef = 59AB84451F76E4B9005A7E3F /* AppDelegate.swift */; };
		59AB84481F76E4B9005A7E3F /* ViewController.swift in Sources */ = {isa = PBXBuildFile; fileRef = 59AB84471F76E4B9005A7E3F /* ViewController.swift */; };
		59AB844B1F76E4B9005A7E3F /* Main.storyboard in Resources */ = {isa = PBXBuildFile; fileRef = 59AB84491F76E4B9005A7E3F /* Main.storyboard */; };
		59AB844D1F76E4B9005A7E3F /* Assets.xcassets in Resources */ = {isa = PBXBuildFile; fileRef = 59AB844C1F76E4B9005A7E3F /* Assets.xcassets */; };
		59AB84601F76E5CE005A7E3F /* CarouselCollectionViewCell.swift in Sources */ = {isa = PBXBuildFile; fileRef = 59AB84591F76E5CE005A7E3F /* CarouselCollectionViewCell.swift */; };
		59AB84611F76E5CE005A7E3F /* CarouselCollectionViewCell.xib in Resources */ = {isa = PBXBuildFile; fileRef = 59AB845A1F76E5CE005A7E3F /* CarouselCollectionViewCell.xib */; };
		59AB84621F76E5CE005A7E3F /* CarouselView.swift in Sources */ = {isa = PBXBuildFile; fileRef = 59AB845B1F76E5CE005A7E3F /* CarouselView.swift */; };
		59AB84631F76E5CE005A7E3F /* CarouselView.xib in Resources */ = {isa = PBXBuildFile; fileRef = 59AB845C1F76E5CE005A7E3F /* CarouselView.xib */; };
		59AB84671F76EB55005A7E3F /* UIView+JGCExtension.swift in Sources */ = {isa = PBXBuildFile; fileRef = 59AB84661F76EB55005A7E3F /* UIView+JGCExtension.swift */; };
		59AB846C1F76EC58005A7E3F /* String+JGCExtension.swift in Sources */ = {isa = PBXBuildFile; fileRef = 59AB846B1F76EC58005A7E3F /* String+JGCExtension.swift */; };
		59AB846F1F76ED66005A7E3F /* NumberView.swift in Sources */ = {isa = PBXBuildFile; fileRef = 59AB846D1F76ED66005A7E3F /* NumberView.swift */; };
		59AB84701F76ED66005A7E3F /* NumberView.xib in Resources */ = {isa = PBXBuildFile; fileRef = 59AB846E1F76ED66005A7E3F /* NumberView.xib */; };
		59F243EF1FF1A9DB003BF6E4 /* LaunchScreen.storyboard in Resources */ = {isa = PBXBuildFile; fileRef = 59F243ED1FF1A9DB003BF6E4 /* LaunchScreen.storyboard */; };
/* End PBXBuildFile section */

/* Begin PBXFileReference section */
		59AB84421F76E4B9005A7E3F /* JGCCarouselProof.app */ = {isa = PBXFileReference; explicitFileType = wrapper.application; includeInIndex = 0; path = JGCCarouselProof.app; sourceTree = BUILT_PRODUCTS_DIR; };
		59AB84451F76E4B9005A7E3F /* AppDelegate.swift */ = {isa = PBXFileReference; lastKnownFileType = sourcecode.swift; path = AppDelegate.swift; sourceTree = "<group>"; };
		59AB84471F76E4B9005A7E3F /* ViewController.swift */ = {isa = PBXFileReference; lastKnownFileType = sourcecode.swift; path = ViewController.swift; sourceTree = "<group>"; };
		59AB844A1F76E4B9005A7E3F /* Base */ = {isa = PBXFileReference; lastKnownFileType = file.storyboard; name = Base; path = Base.lproj/Main.storyboard; sourceTree = "<group>"; };
		59AB844C1F76E4B9005A7E3F /* Assets.xcassets */ = {isa = PBXFileReference; lastKnownFileType = folder.assetcatalog; path = Assets.xcassets; sourceTree = "<group>"; };
		59AB84511F76E4B9005A7E3F /* Info.plist */ = {isa = PBXFileReference; lastKnownFileType = text.plist.xml; path = Info.plist; sourceTree = "<group>"; };
		59AB84591F76E5CE005A7E3F /* CarouselCollectionViewCell.swift */ = {isa = PBXFileReference; fileEncoding = 4; lastKnownFileType = sourcecode.swift; path = CarouselCollectionViewCell.swift; sourceTree = "<group>"; };
		59AB845A1F76E5CE005A7E3F /* CarouselCollectionViewCell.xib */ = {isa = PBXFileReference; fileEncoding = 4; lastKnownFileType = file.xib; path = CarouselCollectionViewCell.xib; sourceTree = "<group>"; };
		59AB845B1F76E5CE005A7E3F /* CarouselView.swift */ = {isa = PBXFileReference; fileEncoding = 4; lastKnownFileType = sourcecode.swift; path = CarouselView.swift; sourceTree = "<group>"; };
		59AB845C1F76E5CE005A7E3F /* CarouselView.xib */ = {isa = PBXFileReference; fileEncoding = 4; lastKnownFileType = file.xib; path = CarouselView.xib; sourceTree = "<group>"; };
		59AB84661F76EB55005A7E3F /* UIView+JGCExtension.swift */ = {isa = PBXFileReference; lastKnownFileType = sourcecode.swift; path = "UIView+JGCExtension.swift"; sourceTree = "<group>"; };
		59AB846B1F76EC58005A7E3F /* String+JGCExtension.swift */ = {isa = PBXFileReference; lastKnownFileType = sourcecode.swift; path = "String+JGCExtension.swift"; sourceTree = "<group>"; };
		59AB846D1F76ED66005A7E3F /* NumberView.swift */ = {isa = PBXFileReference; fileEncoding = 4; lastKnownFileType = sourcecode.swift; path = NumberView.swift; sourceTree = "<group>"; };
		59AB846E1F76ED66005A7E3F /* NumberView.xib */ = {isa = PBXFileReference; fileEncoding = 4; lastKnownFileType = file.xib; path = NumberView.xib; sourceTree = "<group>"; };
		59F243EE1FF1A9DB003BF6E4 /* Base */ = {isa = PBXFileReference; lastKnownFileType = file.storyboard; name = Base; path = Base.lproj/LaunchScreen.storyboard; sourceTree = "<group>"; };
/* End PBXFileReference section */

/* Begin PBXFrameworksBuildPhase section */
		59AB843F1F76E4B9005A7E3F /* Frameworks */ = {
			isa = PBXFrameworksBuildPhase;
			buildActionMask = 2147483647;
			files = (
			);
			runOnlyForDeploymentPostprocessing = 0;
		};
/* End PBXFrameworksBuildPhase section */

/* Begin PBXGroup section */
		59AB84391F76E4B9005A7E3F = {
			isa = PBXGroup;
			children = (
				59AB84441F76E4B9005A7E3F /* JGCCarouselProof */,
				59AB84431F76E4B9005A7E3F /* Products */,
			);
			sourceTree = "<group>";
		};
		59AB84431F76E4B9005A7E3F /* Products */ = {
			isa = PBXGroup;
			children = (
				59AB84421F76E4B9005A7E3F /* JGCCarouselProof.app */,
			);
			name = Products;
			sourceTree = "<group>";
		};
		59AB84441F76E4B9005A7E3F /* JGCCarouselProof */ = {
			isa = PBXGroup;
			children = (
				59AB84681F76EBC4005A7E3F /* Extensions */,
				59AB84571F76E5CE005A7E3F /* Views */,
				59AB84451F76E4B9005A7E3F /* AppDelegate.swift */,
				59AB84471F76E4B9005A7E3F /* ViewController.swift */,
				59AB84491F76E4B9005A7E3F /* Main.storyboard */,
				59F243ED1FF1A9DB003BF6E4 /* LaunchScreen.storyboard */,
				59AB844C1F76E4B9005A7E3F /* Assets.xcassets */,
				59AB84511F76E4B9005A7E3F /* Info.plist */,
			);
			path = JGCCarouselProof;
			sourceTree = "<group>";
		};
		59AB84571F76E5CE005A7E3F /* Views */ = {
			isa = PBXGroup;
			children = (
				59AB84581F76E5CE005A7E3F /* CarouselView */,
				59AB845D1F76E5CE005A7E3F /* DayView */,
			);
			path = Views;
			sourceTree = "<group>";
		};
		59AB84581F76E5CE005A7E3F /* CarouselView */ = {
			isa = PBXGroup;
			children = (
				59AB84591F76E5CE005A7E3F /* CarouselCollectionViewCell.swift */,
				59AB845A1F76E5CE005A7E3F /* CarouselCollectionViewCell.xib */,
				59AB845B1F76E5CE005A7E3F /* CarouselView.swift */,
				59AB845C1F76E5CE005A7E3F /* CarouselView.xib */,
			);
			path = CarouselView;
			sourceTree = "<group>";
		};
		59AB845D1F76E5CE005A7E3F /* DayView */ = {
			isa = PBXGroup;
			children = (
				59AB846D1F76ED66005A7E3F /* NumberView.swift */,
				59AB846E1F76ED66005A7E3F /* NumberView.xib */,
			);
			path = DayView;
			sourceTree = "<group>";
		};
		59AB84681F76EBC4005A7E3F /* Extensions */ = {
			isa = PBXGroup;
			children = (
				59AB84661F76EB55005A7E3F /* UIView+JGCExtension.swift */,
				59AB846B1F76EC58005A7E3F /* String+JGCExtension.swift */,
			);
			path = Extensions;
			sourceTree = "<group>";
		};
/* End PBXGroup section */

/* Begin PBXNativeTarget section */
		59AB84411F76E4B9005A7E3F /* JGCCarouselProof */ = {
			isa = PBXNativeTarget;
			buildConfigurationList = 59AB84541F76E4B9005A7E3F /* Build configuration list for PBXNativeTarget "JGCCarouselProof" */;
			buildPhases = (
				59AB843E1F76E4B9005A7E3F /* Sources */,
				59AB843F1F76E4B9005A7E3F /* Frameworks */,
				59AB84401F76E4B9005A7E3F /* Resources */,
			);
			buildRules = (
			);
			dependencies = (
			);
			name = JGCCarouselProof;
			productName = JGCCarouselProof;
			productReference = 59AB84421F76E4B9005A7E3F /* JGCCarouselProof.app */;
			productType = "com.apple.product-type.application";
		};
/* End PBXNativeTarget section */

/* Begin PBXProject section */
		59AB843A1F76E4B9005A7E3F /* Project object */ = {
			isa = PBXProject;
			attributes = {
				LastSwiftUpdateCheck = 0900;
				LastUpgradeCheck = 0900;
				ORGANIZATIONNAME = "Javier Garcia Castro";
				TargetAttributes = {
					59AB84411F76E4B9005A7E3F = {
						CreatedOnToolsVersion = 9.0;
						ProvisioningStyle = Automatic;
					};
				};
			};
			buildConfigurationList = 59AB843D1F76E4B9005A7E3F /* Build configuration list for PBXProject "JGCCarouselProof" */;
			compatibilityVersion = "Xcode 8.0";
			developmentRegion = en;
			hasScannedForEncodings = 0;
			knownRegions = (
				en,
				Base,
			);
			mainGroup = 59AB84391F76E4B9005A7E3F;
			productRefGroup = 59AB84431F76E4B9005A7E3F /* Products */;
			projectDirPath = "";
			projectRoot = "";
			targets = (
				59AB84411F76E4B9005A7E3F /* JGCCarouselProof */,
			);
		};
/* End PBXProject section */

/* Begin PBXResourcesBuildPhase section */
		59AB84401F76E4B9005A7E3F /* Resources */ = {
			isa = PBXResourcesBuildPhase;
			buildActionMask = 2147483647;
			files = (
				59AB84611F76E5CE005A7E3F /* CarouselCollectionViewCell.xib in Resources */,
				59AB84701F76ED66005A7E3F /* NumberView.xib in Resources */,
				59AB844D1F76E4B9005A7E3F /* Assets.xcassets in Resources */,
				59F243EF1FF1A9DB003BF6E4 /* LaunchScreen.storyboard in Resources */,
				59AB844B1F76E4B9005A7E3F /* Main.storyboard in Resources */,
				59AB84631F76E5CE005A7E3F /* CarouselView.xib in Resources */,
			);
			runOnlyForDeploymentPostprocessing = 0;
		};
/* End PBXResourcesBuildPhase section */

/* Begin PBXSourcesBuildPhase section */
		59AB843E1F76E4B9005A7E3F /* Sources */ = {
			isa = PBXSourcesBuildPhase;
			buildActionMask = 2147483647;
			files = (
				59AB84481F76E4B9005A7E3F /* ViewController.swift in Sources */,
				59AB84601F76E5CE005A7E3F /* CarouselCollectionViewCell.swift in Sources */,
				59AB84621F76E5CE005A7E3F /* CarouselView.swift in Sources */,
				59AB846C1F76EC58005A7E3F /* String+JGCExtension.swift in Sources */,
				59AB84461F76E4B9005A7E3F /* AppDelegate.swift in Sources */,
				59AB84671F76EB55005A7E3F /* UIView+JGCExtension.swift in Sources */,
				59AB846F1F76ED66005A7E3F /* NumberView.swift in Sources */,
			);
			runOnlyForDeploymentPostprocessing = 0;
		};
/* End PBXSourcesBuildPhase section */

/* Begin PBXVariantGroup section */
		59AB84491F76E4B9005A7E3F /* Main.storyboard */ = {
			isa = PBXVariantGroup;
			children = (
				59AB844A1F76E4B9005A7E3F /* Base */,
			);
			name = Main.storyboard;
			sourceTree = "<group>";
		};
		59F243ED1FF1A9DB003BF6E4 /* LaunchScreen.storyboard */ = {
			isa = PBXVariantGroup;
			children = (
				59F243EE1FF1A9DB003BF6E4 /* Base */,
			);
			name = LaunchScreen.storyboard;
			sourceTree = "<group>";
		};
/* End PBXVariantGroup section */

/* Begin XCBuildConfiguration section */
		59AB84521F76E4B9005A7E3F /* Debug */ = {
			isa = XCBuildConfiguration;
			buildSettings = {
				ALWAYS_SEARCH_USER_PATHS = NO;
				CLANG_ANALYZER_NONNULL = YES;
				CLANG_ANALYZER_NUMBER_OBJECT_CONVERSION = YES_AGGRESSIVE;
				CLANG_CXX_LANGUAGE_STANDARD = "gnu++14";
				CLANG_CXX_LIBRARY = "libc++";
				CLANG_ENABLE_MODULES = YES;
				CLANG_ENABLE_OBJC_ARC = YES;
				CLANG_WARN_BLOCK_CAPTURE_AUTORELEASING = YES;
				CLANG_WARN_BOOL_CONVERSION = YES;
				CLANG_WARN_COMMA = YES;
				CLANG_WARN_CONSTANT_CONVERSION = YES;
				CLANG_WARN_DIRECT_OBJC_ISA_USAGE = YES_ERROR;
				CLANG_WARN_DOCUMENTATION_COMMENTS = YES;
				CLANG_WARN_EMPTY_BODY = YES;
				CLANG_WARN_ENUM_CONVERSION = YES;
				CLANG_WARN_INFINITE_RECURSION = YES;
				CLANG_WARN_INT_CONVERSION = YES;
				CLANG_WARN_NON_LITERAL_NULL_CONVERSION = YES;
				CLANG_WARN_OBJC_LITERAL_CONVERSION = YES;
				CLANG_WARN_OBJC_ROOT_CLASS = YES_ERROR;
				CLANG_WARN_RANGE_LOOP_ANALYSIS = YES;
				CLANG_WARN_STRICT_PROTOTYPES = YES;
				CLANG_WARN_SUSPICIOUS_MOVE = YES;
				CLANG_WARN_UNGUARDED_AVAILABILITY = YES_AGGRESSIVE;
				CLANG_WARN_UNREACHABLE_CODE = YES;
				CLANG_WARN__DUPLICATE_METHOD_MATCH = YES;
				CODE_SIGN_IDENTITY = "iPhone Developer";
				COPY_PHASE_STRIP = NO;
				DEBUG_INFORMATION_FORMAT = dwarf;
				ENABLE_STRICT_OBJC_MSGSEND = YES;
				ENABLE_TESTABILITY = YES;
				GCC_C_LANGUAGE_STANDARD = gnu11;
				GCC_DYNAMIC_NO_PIC = NO;
				GCC_NO_COMMON_BLOCKS = YES;
				GCC_OPTIMIZATION_LEVEL = 0;
				GCC_PREPROCESSOR_DEFINITIONS = (
					"DEBUG=1",
					"$(inherited)",
				);
				GCC_WARN_64_TO_32_BIT_CONVERSION = YES;
				GCC_WARN_ABOUT_RETURN_TYPE = YES_ERROR;
				GCC_WARN_UNDECLARED_SELECTOR = YES;
				GCC_WARN_UNINITIALIZED_AUTOS = YES_AGGRESSIVE;
				GCC_WARN_UNUSED_FUNCTION = YES;
				GCC_WARN_UNUSED_VARIABLE = YES;
				IPHONEOS_DEPLOYMENT_TARGET = 11.0;
				MTL_ENABLE_DEBUG_INFO = YES;
				ONLY_ACTIVE_ARCH = YES;
				SDKROOT = iphoneos;
				SWIFT_ACTIVE_COMPILATION_CONDITIONS = DEBUG;
				SWIFT_OPTIMIZATION_LEVEL = "-Onone";
			};
			name = Debug;
		};
		59AB84531F76E4B9005A7E3F /* Release */ = {
			isa = XCBuildConfiguration;
			buildSettings = {
				ALWAYS_SEARCH_USER_PATHS = NO;
				CLANG_ANALYZER_NONNULL = YES;
				CLANG_ANALYZER_NUMBER_OBJECT_CONVERSION = YES_AGGRESSIVE;
				CLANG_CXX_LANGUAGE_STANDARD = "gnu++14";
				CLANG_CXX_LIBRARY = "libc++";
				CLANG_ENABLE_MODULES = YES;
				CLANG_ENABLE_OBJC_ARC = YES;
				CLANG_WARN_BLOCK_CAPTURE_AUTORELEASING = YES;
				CLANG_WARN_BOOL_CONVERSION = YES;
				CLANG_WARN_COMMA = YES;
				CLANG_WARN_CONSTANT_CONVERSION = YES;
				CLANG_WARN_DIRECT_OBJC_ISA_USAGE = YES_ERROR;
				CLANG_WARN_DOCUMENTATION_COMMENTS = YES;
				CLANG_WARN_EMPTY_BODY = YES;
				CLANG_WARN_ENUM_CONVERSION = YES;
				CLANG_WARN_INFINITE_RECURSION = YES;
				CLANG_WARN_INT_CONVERSION = YES;
				CLANG_WARN_NON_LITERAL_NULL_CONVERSION = YES;
				CLANG_WARN_OBJC_LITERAL_CONVERSION = YES;
				CLANG_WARN_OBJC_ROOT_CLASS = YES_ERROR;
				CLANG_WARN_RANGE_LOOP_ANALYSIS = YES;
				CLANG_WARN_STRICT_PROTOTYPES = YES;
				CLANG_WARN_SUSPICIOUS_MOVE = YES;
				CLANG_WARN_UNGUARDED_AVAILABILITY = YES_AGGRESSIVE;
				CLANG_WARN_UNREACHABLE_CODE = YES;
				CLANG_WARN__DUPLICATE_METHOD_MATCH = YES;
				CODE_SIGN_IDENTITY = "iPhone Developer";
				COPY_PHASE_STRIP = NO;
				DEBUG_INFORMATION_FORMAT = "dwarf-with-dsym";
				ENABLE_NS_ASSERTIONS = NO;
				ENABLE_STRICT_OBJC_MSGSEND = YES;
				GCC_C_LANGUAGE_STANDARD = gnu11;
				GCC_NO_COMMON_BLOCKS = YES;
				GCC_WARN_64_TO_32_BIT_CONVERSION = YES;
				GCC_WARN_ABOUT_RETURN_TYPE = YES_ERROR;
				GCC_WARN_UNDECLARED_SELECTOR = YES;
				GCC_WARN_UNINITIALIZED_AUTOS = YES_AGGRESSIVE;
				GCC_WARN_UNUSED_FUNCTION = YES;
				GCC_WARN_UNUSED_VARIABLE = YES;
				IPHONEOS_DEPLOYMENT_TARGET = 11.0;
				MTL_ENABLE_DEBUG_INFO = NO;
				SDKROOT = iphoneos;
				SWIFT_OPTIMIZATION_LEVEL = "-Owholemodule";
				VALIDATE_PRODUCT = YES;
			};
			name = Release;
		};
		59AB84551F76E4B9005A7E3F /* Debug */ = {
			isa = XCBuildConfiguration;
			buildSettings = {
				ASSETCATALOG_COMPILER_APPICON_NAME = AppIcon;
				CODE_SIGN_STYLE = Automatic;
				DEVELOPMENT_TEAM = 8LR35SS5W3;
				INFOPLIST_FILE = JGCCarouselProof/Info.plist;
				LD_RUNPATH_SEARCH_PATHS = "$(inherited) @executable_path/Frameworks";
				PRODUCT_BUNDLE_IDENTIFIER = com.JGC.JGCCarouselProof;
				PRODUCT_NAME = "$(TARGET_NAME)";
				SWIFT_VERSION = 4.0;
				TARGETED_DEVICE_FAMILY = "1,2";
			};
			name = Debug;
		};
		59AB84561F76E4B9005A7E3F /* Release */ = {
			isa = XCBuildConfiguration;
			buildSettings = {
				ASSETCATALOG_COMPILER_APPICON_NAME = AppIcon;
				CODE_SIGN_STYLE = Automatic;
				DEVELOPMENT_TEAM = 8LR35SS5W3;
				INFOPLIST_FILE = JGCCarouselProof/Info.plist;
				LD_RUNPATH_SEARCH_PATHS = "$(inherited) @executable_path/Frameworks";
				PRODUCT_BUNDLE_IDENTIFIER = com.JGC.JGCCarouselProof;
				PRODUCT_NAME = "$(TARGET_NAME)";
				SWIFT_VERSION = 4.0;
				TARGETED_DEVICE_FAMILY = "1,2";
			};
			name = Release;
		};
/* End XCBuildConfiguration section */

/* Begin XCConfigurationList section */
		59AB843D1F76E4B9005A7E3F /* Build configuration list for PBXProject "JGCCarouselProof" */ = {
			isa = XCConfigurationList;
			buildConfigurations = (
				59AB84521F76E4B9005A7E3F /* Debug */,
				59AB84531F76E4B9005A7E3F /* Release */,
			);
			defaultConfigurationIsVisible = 0;
			defaultConfigurationName = Release;
		};
		59AB84541F76E4B9005A7E3F /* Build configuration list for PBXNativeTarget "JGCCarouselProof" */ = {
			isa = XCConfigurationList;
			buildConfigurations = (
				59AB84551F76E4B9005A7E3F /* Debug */,
				59AB84561F76E4B9005A7E3F /* Release */,
			);
			defaultConfigurationIsVisible = 0;
			defaultConfigurationName = Release;
		};
/* End XCConfigurationList section */
	};
	rootObject = 59AB843A1F76E4B9005A7E3F /* Project object */;
}
